Microsoft Visual Studio Solution File, Format Version 11.00
# Visual Studio 2008

Project("{3260F16C-8078-775E-C216-D5F0056A940A}") = "EnemyDemo-Sec2", "Assembly-CSharp.csproj", "{6CE096BE-2EDF-08B8-DF6D-C4ED040BB48C}"
EndProject
Project("{3260F16C-8078-775E-C216-D5F0056A940A}") = "EnemyDemo-Sec2", "Assembly-CSharp-Editor.csproj", "{8F2846A2-B537-DDBC-6905-02CD00573325}"
EndProject
Global
	GlobalSection(SolutionConfigurationPlatforms) = preSolution
		Debug|Any CPU = Debug|Any CPU
		Release|Any CPU = Release|Any CPU
	EndGlobalSection
	GlobalSection(ProjectConfigurationPlatforms) = postSolution
		{6CE096BE-2EDF-08B8-DF6D-C4ED040BB48C}.Debug|Any CPU.ActiveCfg = Debug|Any CPU
		{6CE096BE-2EDF-08B8-DF6D-C4ED040BB48C}.Debug|Any CPU.Build.0 = Debug|Any CPU
		{6CE096BE-2EDF-08B8-DF6D-C4ED040BB48C}.Release|Any CPU.ActiveCfg = Release|Any CPU
		{6CE096BE-2EDF-08B8-DF6D-C4ED040BB48C}.Release|Any CPU.Build.0 = Release|Any CPU
		{8F2846A2-B537-DDBC-6905-02CD00573325}.Debug|Any CPU.ActiveCfg = Debug|Any CPU
		{8F2846A2-B537-DDBC-6905-02CD00573325}.Debug|Any CPU.Build.0 = Debug|Any CPU
		{8F2846A2-B537-DDBC-6905-02CD00573325}.Release|Any CPU.ActiveCfg = Release|Any CPU
		{8F2846A2-B537-DDBC-6905-02CD00573325}.Release|Any CPU.Build.0 = Release|Any CPU
	EndGlobalSection
	GlobalSection(SolutionProperties) = preSolution
		HideSolutionNode = FALSE
	EndGlobalSection
	
EndGlobal
